<Solution>
  <Folder Name="/.github/">
    <File Path=".github/workflows/ci.yml" />
  </Folder>
  <Folder Name="/Solution Items/">
    <File Path="README.md" />
    <File Path="VERSION" />
    <File Path="publish.ps1" />
  </Folder>
  <Project Path="src/InventoryTracker.csproj" />
  <Project Path="tests/InventoryTracker.Tests/InventoryTracker.Tests.csproj" />
</Solution>
